
Microsoft Visual Studio Solution File, Format Version 12.00
# Visual Studio 15
VisualStudioVersion = 15.0.27703.2035
MinimumVisualStudioVersion = 10.0.40219.1
Project("{FAE04EC0-301F-11D3-BF4B-00C04F79EFBC}") = "Main", "Main\Main.csproj", "{193943A2-EF4D-4B8D-BFC0-A5E09F95A05B}"
EndProject
Project("{FAE04EC0-301F-11D3-BF4B-00C04F79EFBC}") = "Pizza.Library", "Pizza.Library\Pizza.Library.csproj", "{C30AAAAF-A4D5-446E-877F-9EBBBE1DB9E3}"
EndProject
Global
	GlobalSection(SolutionConfigurationPlatforms) = preSolution
		Debug|Any CPU = Debug|Any CPU
		Release|Any CPU = Release|Any CPU
	EndGlobalSection
	GlobalSection(ProjectConfigurationPlatforms) = postSolution
		{193943A2-EF4D-4B8D-BFC0-A5E09F95A05B}.Debug|Any CPU.ActiveCfg = Debug|Any CPU
		{193943A2-EF4D-4B8D-BFC0-A5E09F95A05B}.Debug|Any CPU.Build.0 = Debug|Any CPU
		{193943A2-EF4D-4B8D-BFC0-A5E09F95A05B}.Release|Any CPU.ActiveCfg = Release|Any CPU
		{193943A2-EF4D-4B8D-BFC0-A5E09F95A05B}.Release|Any CPU.Build.0 = Release|Any CPU
		{C30AAAAF-A4D5-446E-877F-9EBBBE1DB9E3}.Debug|Any CPU.ActiveCfg = Debug|Any CPU
		{C30AAAAF-A4D5-446E-877F-9EBBBE1DB9E3}.Debug|Any CPU.Build.0 = Debug|Any CPU
		{C30AAAAF-A4D5-446E-877F-9EBBBE1DB9E3}.Release|Any CPU.ActiveCfg = Release|Any CPU
		{C30AAAAF-A4D5-446E-877F-9EBBBE1DB9E3}.Release|Any CPU.Build.0 = Release|Any CPU
	EndGlobalSection
	GlobalSection(SolutionProperties) = preSolution
		HideSolutionNode = FALSE
	EndGlobalSection
	GlobalSection(ExtensibilityGlobals) = postSolution
		SolutionGuid = {933CA913-D90C-49E5-97F7-972D798FC150}
	EndGlobalSection
EndGlobal
